
Microsoft Visual Studio Solution File, Format Version 12.00
# Visual Studio Version 17
VisualStudioVersion = 17.3.32825.248
MinimumVisualStudioVersion = 10.0.40219.1
Project("{FAE04EC0-301F-11D3-BF4B-00C04F79EFBC}") = "Первая работа", "Первая работа.csproj", "{AEA5BE10-CEB8-4B47-AA35-892B019831C7}"
EndProject
Global
	GlobalSection(SolutionConfigurationPlatforms) = preSolution
		Debug|Any CPU = Debug|Any CPU
		Release|Any CPU = Release|Any CPU
	EndGlobalSection
	GlobalSection(ProjectConfigurationPlatforms) = postSolution
		{AEA5BE10-CEB8-4B47-AA35-892B019831C7}.Debug|Any CPU.ActiveCfg = Debug|Any CPU
		{AEA5BE10-CEB8-4B47-AA35-892B019831C7}.Debug|Any CPU.Build.0 = Debug|Any CPU
		{AEA5BE10-CEB8-4B47-AA35-892B019831C7}.Release|Any CPU.ActiveCfg = Release|Any CPU
		{AEA5BE10-CEB8-4B47-AA35-892B019831C7}.Release|Any CPU.Build.0 = Release|Any CPU
	EndGlobalSection
	GlobalSection(SolutionProperties) = preSolution
		HideSolutionNode = FALSE
	EndGlobalSection
	GlobalSection(ExtensibilityGlobals) = postSolution
		SolutionGuid = {D3D14C90-5940-4BDE-8A13-C46BB2E7FD28}
	EndGlobalSection
EndGlobal
